
Microsoft Visual Studio Solution File, Format Version 12.00
# Visual Studio 15
VisualStudioVersion = 15.0.28307.757
MinimumVisualStudioVersion = 10.0.40219.1
Project("{9A19103F-16F7-4668-BE54-9A1E7A4F7556}") = "Mean.Language", "Mean.Language\Mean.Language.csproj", "{DC994EA0-269F-46A7-9366-513DCF534D10}"
EndProject
Project("{FAE04EC0-301F-11D3-BF4B-00C04F79EFBC}") = "Mean.Runner", "Mean.Runner\Mean.Runner.csproj", "{35B78089-E9EF-4294-BEAF-672593FD70A7}"
EndProject
Global
	GlobalSection(SolutionConfigurationPlatforms) = preSolution
		Debug|Any CPU = Debug|Any CPU
		Release|Any CPU = Release|Any CPU
	EndGlobalSection
	GlobalSection(ProjectConfigurationPlatforms) = postSolution
		{DC994EA0-269F-46A7-9366-513DCF534D10}.Debug|Any CPU.ActiveCfg = Debug|Any CPU
		{DC994EA0-269F-46A7-9366-513DCF534D10}.Debug|Any CPU.Build.0 = Debug|Any CPU
		{DC994EA0-269F-46A7-9366-513DCF534D10}.Release|Any CPU.ActiveCfg = Release|Any CPU
		{DC994EA0-269F-46A7-9366-513DCF534D10}.Release|Any CPU.Build.0 = Release|Any CPU
		{35B78089-E9EF-4294-BEAF-672593FD70A7}.Debug|Any CPU.ActiveCfg = Debug|Any CPU
		{35B78089-E9EF-4294-BEAF-672593FD70A7}.Debug|Any CPU.Build.0 = Debug|Any CPU
		{35B78089-E9EF-4294-BEAF-672593FD70A7}.Release|Any CPU.ActiveCfg = Release|Any CPU
		{35B78089-E9EF-4294-BEAF-672593FD70A7}.Release|Any CPU.Build.0 = Release|Any CPU
	EndGlobalSection
	GlobalSection(SolutionProperties) = preSolution
		HideSolutionNode = FALSE
	EndGlobalSection
	GlobalSection(ExtensibilityGlobals) = postSolution
		SolutionGuid = {A8B54A8F-B9C1-429F-B712-F910EB148922}
	EndGlobalSection
EndGlobal
